// !$*UTF8*$!
{
	archiveVersion = 1;
	classes = {
	};
	objectVersion = 56;
	objects = {

/* Begin PBXBuildFile section */
		00D651E736EC5599D38DAC09 /* Pods_ChatApp.framework in Frameworks */ = {isa = PBXBuildFile; fileRef = F1F36A8457F5592A9A9A101E /* Pods_ChatApp.framework */; };
		0D4F4D7D2C2C63B100AF6B15 /* GoogleService-Info.plist in Resources */ = {isa = PBXBuildFile; fileRef = 0D4F4D7C2C2C63B100AF6B15 /* GoogleService-Info.plist */; };
		0D6220E22C2B8B5B003B362D /* AppDelegate.swift in Sources */ = {isa = PBXBuildFile; fileRef = 0D6220E12C2B8B5B003B362D /* AppDelegate.swift */; };
		0D6220E42C2B8B5B003B362D /* SceneDelegate.swift in Sources */ = {isa = PBXBuildFile; fileRef = 0D6220E32C2B8B5B003B362D /* SceneDelegate.swift */; };
		0D6220E62C2B8B5B003B362D /* WelcomeViewController.swift in Sources */ = {isa = PBXBuildFile; fileRef = 0D6220E52C2B8B5B003B362D /* WelcomeViewController.swift */; };
		0D6220E92C2B8B5B003B362D /* Base in Resources */ = {isa = PBXBuildFile; fileRef = 0D6220E82C2B8B5B003B362D /* Base */; };
		0D6220EB2C2B8B5C003B362D /* Assets.xcassets in Resources */ = {isa = PBXBuildFile; fileRef = 0D6220EA2C2B8B5C003B362D /* Assets.xcassets */; };
		0D6220EE2C2B8B5C003B362D /* Base in Resources */ = {isa = PBXBuildFile; fileRef = 0D6220ED2C2B8B5C003B362D /* Base */; };
		0D7FDC6E2C2B9C9000064C13 /* RegisterViewController.swift in Sources */ = {isa = PBXBuildFile; fileRef = 0D7FDC6D2C2B9C9000064C13 /* RegisterViewController.swift */; };
		0D7FDC702C2B9CCC00064C13 /* LoginViewController.swift in Sources */ = {isa = PBXBuildFile; fileRef = 0D7FDC6F2C2B9CCC00064C13 /* LoginViewController.swift */; };
		0D7FDC722C2B9D0400064C13 /* ChatViewController.swift in Sources */ = {isa = PBXBuildFile; fileRef = 0D7FDC712C2B9D0400064C13 /* ChatViewController.swift */; };
		0D9D1FEC2C2E38F4009D3BA7 /* Constants.swift in Sources */ = {isa = PBXBuildFile; fileRef = 0D9D1FEB2C2E38F4009D3BA7 /* Constants.swift */; };
		0D9D1FEE2C2E3B8F009D3BA7 /* Message.swift in Sources */ = {isa = PBXBuildFile; fileRef = 0D9D1FED2C2E3B8F009D3BA7 /* Message.swift */; };
		0D9D1FF12C2E412D009D3BA7 /* MessageCell.swift in Sources */ = {isa = PBXBuildFile; fileRef = 0D9D1FEF2C2E412D009D3BA7 /* MessageCell.swift */; };
		0D9D1FF22C2E412D009D3BA7 /* MessageCell.xib in Resources */ = {isa = PBXBuildFile; fileRef = 0D9D1FF02C2E412D009D3BA7 /* MessageCell.xib */; };
/* End PBXBuildFile section */

/* Begin PBXFileReference section */
		0D4F4D7C2C2C63B100AF6B15 /* GoogleService-Info.plist */ = {isa = PBXFileReference; fileEncoding = 4; lastKnownFileType = text.plist.xml; path = "GoogleService-Info.plist"; sourceTree = "<group>"; };
		0D6220DE2C2B8B5B003B362D /* ChatApp.app */ = {isa = PBXFileReference; explicitFileType = wrapper.application; includeInIndex = 0; path = ChatApp.app; sourceTree = BUILT_PRODUCTS_DIR; };
		0D6220E12C2B8B5B003B362D /* AppDelegate.swift */ = {isa = PBXFileReference; lastKnownFileType = sourcecode.swift; path = AppDelegate.swift; sourceTree = "<group>"; };
		0D6220E32C2B8B5B003B362D /* SceneDelegate.swift */ = {isa = PBXFileReference; lastKnownFileType = sourcecode.swift; path = SceneDelegate.swift; sourceTree = "<group>"; };
		0D6220E52C2B8B5B003B362D /* WelcomeViewController.swift */ = {isa = PBXFileReference; lastKnownFileType = sourcecode.swift; path = WelcomeViewController.swift; sourceTree = "<group>"; };
		0D6220E82C2B8B5B003B362D /* Base */ = {isa = PBXFileReference; lastKnownFileType = file.storyboard; name = Base; path = Base.lproj/Main.storyboard; sourceTree = "<group>"; };
		0D6220EA2C2B8B5C003B362D /* Assets.xcassets */ = {isa = PBXFileReference; lastKnownFileType = folder.assetcatalog; path = Assets.xcassets; sourceTree = "<group>"; };
		0D6220ED2C2B8B5C003B362D /* Base */ = {isa = PBXFileReference; lastKnownFileType = file.storyboard; name = Base; path = Base.lproj/LaunchScreen.storyboard; sourceTree = "<group>"; };
		0D6220EF2C2B8B5C003B362D /* Info.plist */ = {isa = PBXFileReference; lastKnownFileType = text.plist.xml; path = Info.plist; sourceTree = "<group>"; };
		0D7FDC6D2C2B9C9000064C13 /* RegisterViewController.swift */ = {isa = PBXFileReference; lastKnownFileType = sourcecode.swift; path = RegisterViewController.swift; sourceTree = "<group>"; };
		0D7FDC6F2C2B9CCC00064C13 /* LoginViewController.swift */ = {isa = PBXFileReference; lastKnownFileType = sourcecode.swift; path = LoginViewController.swift; sourceTree = "<group>"; };
		0D7FDC712C2B9D0400064C13 /* ChatViewController.swift */ = {isa = PBXFileReference; lastKnownFileType = sourcecode.swift; path = ChatViewController.swift; sourceTree = "<group>"; };
		0D9D1FEB2C2E38F4009D3BA7 /* Constants.swift */ = {isa = PBXFileReference; lastKnownFileType = sourcecode.swift; path = Constants.swift; sourceTree = "<group>"; };
		0D9D1FED2C2E3B8F009D3BA7 /* Message.swift */ = {isa = PBXFileReference; lastKnownFileType = sourcecode.swift; path = Message.swift; sourceTree = "<group>"; };
		0D9D1FEF2C2E412D009D3BA7 /* MessageCell.swift */ = {isa = PBXFileReference; lastKnownFileType = sourcecode.swift; path = MessageCell.swift; sourceTree = "<group>"; };
		0D9D1FF02C2E412D009D3BA7 /* MessageCell.xib */ = {isa = PBXFileReference; lastKnownFileType = file.xib; path = MessageCell.xib; sourceTree = "<group>"; };
		6B7EF6CB790F90D51D075A2B /* Pods-ChatApp.release.xcconfig */ = {isa = PBXFileReference; includeInIndex = 1; lastKnownFileType = text.xcconfig; name = "Pods-ChatApp.release.xcconfig"; path = "Target Support Files/Pods-ChatApp/Pods-ChatApp.release.xcconfig"; sourceTree = "<group>"; };
		F1F36A8457F5592A9A9A101E /* Pods_ChatApp.framework */ = {isa = PBXFileReference; explicitFileType = wrapper.framework; includeInIndex = 0; path = Pods_ChatApp.framework; sourceTree = BUILT_PRODUCTS_DIR; };
		FE9B5C7F48C42A0FC31E4605 /* Pods-ChatApp.debug.xcconfig */ = {isa = PBXFileReference; includeInIndex = 1; lastKnownFileType = text.xcconfig; name = "Pods-ChatApp.debug.xcconfig"; path = "Target Support Files/Pods-ChatApp/Pods-ChatApp.debug.xcconfig"; sourceTree = "<group>"; };
/* End PBXFileReference section */

/* Begin PBXFrameworksBuildPhase section */
		0D6220DB2C2B8B5B003B362D /* Frameworks */ = {
			isa = PBXFrameworksBuildPhase;
			buildActionMask = 2147483647;
			files = (
				00D651E736EC5599D38DAC09 /* Pods_ChatApp.framework in Frameworks */,
			);
			runOnlyForDeploymentPostprocessing = 0;
		};
/* End PBXFrameworksBuildPhase section */

/* Begin PBXGroup section */
		0D6220D52C2B8B5B003B362D = {
			isa = PBXGroup;
			children = (
				0D6220E02C2B8B5B003B362D /* ChatApp */,
				0D6220DF2C2B8B5B003B362D /* Products */,
				4713068DDAC347A4983937AB /* Pods */,
				AD88F77794FAB54667AA313B /* Frameworks */,
			);
			sourceTree = "<group>";
		};
		0D6220DF2C2B8B5B003B362D /* Products */ = {
			isa = PBXGroup;
			children = (
				0D6220DE2C2B8B5B003B362D /* ChatApp.app */,
			);
			name = Products;
			sourceTree = "<group>";
		};
		0D6220E02C2B8B5B003B362D /* ChatApp */ = {
			isa = PBXGroup;
			children = (
				0D6220E12C2B8B5B003B362D /* AppDelegate.swift */,
				0D6220E32C2B8B5B003B362D /* SceneDelegate.swift */,
				0D6220E52C2B8B5B003B362D /* WelcomeViewController.swift */,
				0D7FDC6D2C2B9C9000064C13 /* RegisterViewController.swift */,
				0D6220E72C2B8B5B003B362D /* Main.storyboard */,
				0D9D1FEF2C2E412D009D3BA7 /* MessageCell.swift */,
				0D9D1FF02C2E412D009D3BA7 /* MessageCell.xib */,
				0D9D1FED2C2E3B8F009D3BA7 /* Message.swift */,
				0D7FDC712C2B9D0400064C13 /* ChatViewController.swift */,
				0D7FDC6F2C2B9CCC00064C13 /* LoginViewController.swift */,
				0D6220EA2C2B8B5C003B362D /* Assets.xcassets */,
				0D6220EC2C2B8B5C003B362D /* LaunchScreen.storyboard */,
				0D6220EF2C2B8B5C003B362D /* Info.plist */,
				0D4F4D7C2C2C63B100AF6B15 /* GoogleService-Info.plist */,
				0D9D1FEB2C2E38F4009D3BA7 /* Constants.swift */,
			);
			path = ChatApp;
			sourceTree = "<group>";
		};
		4713068DDAC347A4983937AB /* Pods */ = {
			isa = PBXGroup;
			children = (
				FE9B5C7F48C42A0FC31E4605 /* Pods-ChatApp.debug.xcconfig */,
				6B7EF6CB790F90D51D075A2B /* Pods-ChatApp.release.xcconfig */,
			);
			path = Pods;
			sourceTree = "<group>";
		};
		AD88F77794FAB54667AA313B /* Frameworks */ = {
			isa = PBXGroup;
			children = (
				F1F36A8457F5592A9A9A101E /* Pods_ChatApp.framework */,
			);
			name = Frameworks;
			sourceTree = "<group>";
		};
/* End PBXGroup section */

/* Begin PBXNativeTarget section */
		0D6220DD2C2B8B5B003B362D /* ChatApp */ = {
			isa = PBXNativeTarget;
			buildConfigurationList = 0D6220F22C2B8B5C003B362D /* Build configuration list for PBXNativeTarget "ChatApp" */;
			buildPhases = (
				8C72E542EEC1D9B8A95F081E /* [CP] Check Pods Manifest.lock */,
				0D6220DA2C2B8B5B003B362D /* Sources */,
				0D6220DB2C2B8B5B003B362D /* Frameworks */,
				0D6220DC2C2B8B5B003B362D /* Resources */,
				49BCB3E221DE629CAE1B34ED /* [CP] Embed Pods Frameworks */,
			);
			buildRules = (
			);
			dependencies = (
			);
			name = ChatApp;
			productName = ChatApp;
			productReference = 0D6220DE2C2B8B5B003B362D /* ChatApp.app */;
			productType = "com.apple.product-type.application";
		};
/* End PBXNativeTarget section */

/* Begin PBXProject section */
		0D6220D62C2B8B5B003B362D /* Project object */ = {
			isa = PBXProject;
			attributes = {
				BuildIndependentTargetsInParallel = 1;
				LastSwiftUpdateCheck = 1540;
				LastUpgradeCheck = 1540;
				TargetAttributes = {
					0D6220DD2C2B8B5B003B362D = {
						CreatedOnToolsVersion = 15.4;
					};
				};
			};
			buildConfigurationList = 0D6220D92C2B8B5B003B362D /* Build configuration list for PBXProject "ChatApp" */;
			compatibilityVersion = "Xcode 14.0";
			developmentRegion = en;
			hasScannedForEncodings = 0;
			knownRegions = (
				en,
				Base,
			);
			mainGroup = 0D6220D52C2B8B5B003B362D;
			productRefGroup = 0D6220DF2C2B8B5B003B362D /* Products */;
			projectDirPath = "";
			projectRoot = "";
			targets = (
				0D6220DD2C2B8B5B003B362D /* ChatApp */,
			);
		};
/* End PBXProject section */

/* Begin PBXResourcesBuildPhase section */
		0D6220DC2C2B8B5B003B362D /* Resources */ = {
			isa = PBXResourcesBuildPhase;
			buildActionMask = 2147483647;
			files = (
				0D9D1FF22C2E412D009D3BA7 /* MessageCell.xib in Resources */,
				0D6220EB2C2B8B5C003B362D /* Assets.xcassets in Resources */,
				0D4F4D7D2C2C63B100AF6B15 /* GoogleService-Info.plist in Resources */,
				0D6220EE2C2B8B5C003B362D /* Base in Resources */,
				0D6220E92C2B8B5B003B362D /* Base in Resources */,
			);
			runOnlyForDeploymentPostprocessing = 0;
		};
/* End PBXResourcesBuildPhase section */

/* Begin PBXShellScriptBuildPhase section */
		49BCB3E221DE629CAE1B34ED /* [CP] Embed Pods Frameworks */ = {
			isa = PBXShellScriptBuildPhase;
			buildActionMask = 2147483647;
			files = (
			);
			inputFileListPaths = (
				"${PODS_ROOT}/Target Support Files/Pods-ChatApp/Pods-ChatApp-frameworks-${CONFIGURATION}-input-files.xcfilelist",
			);
			name = "[CP] Embed Pods Frameworks";
			outputFileListPaths = (
				"${PODS_ROOT}/Target Support Files/Pods-ChatApp/Pods-ChatApp-frameworks-${CONFIGURATION}-output-files.xcfilelist",
			);
			runOnlyForDeploymentPostprocessing = 0;
			shellPath = /bin/sh;
			shellScript = "\"${PODS_ROOT}/Target Support Files/Pods-ChatApp/Pods-ChatApp-frameworks.sh\"\n";
			showEnvVarsInLog = 0;
		};
		8C72E542EEC1D9B8A95F081E /* [CP] Check Pods Manifest.lock */ = {
			isa = PBXShellScriptBuildPhase;
			buildActionMask = 2147483647;
			files = (
			);
			inputFileListPaths = (
			);
			inputPaths = (
				"${PODS_PODFILE_DIR_PATH}/Podfile.lock",
				"${PODS_ROOT}/Manifest.lock",
			);
			name = "[CP] Check Pods Manifest.lock";
			outputFileListPaths = (
			);
			outputPaths = (
				"$(DERIVED_FILE_DIR)/Pods-ChatApp-checkManifestLockResult.txt",
			);
			runOnlyForDeploymentPostprocessing = 0;
			shellPath = /bin/sh;
			shellScript = "diff \"${PODS_PODFILE_DIR_PATH}/Podfile.lock\" \"${PODS_ROOT}/Manifest.lock\" > /dev/null\nif [ $? != 0 ] ; then\n    # print error to STDERR\n    echo \"error: The sandbox is not in sync with the Podfile.lock. Run 'pod install' or update your CocoaPods installation.\" >&2\n    exit 1\nfi\n# This output is used by Xcode 'outputs' to avoid re-running this script phase.\necho \"SUCCESS\" > \"${SCRIPT_OUTPUT_FILE_0}\"\n";
			showEnvVarsInLog = 0;
		};
/* End PBXShellScriptBuildPhase section */

/* Begin PBXSourcesBuildPhase section */
		0D6220DA2C2B8B5B003B362D /* Sources */ = {
			isa = PBXSourcesBuildPhase;
			buildActionMask = 2147483647;
			files = (
				0D6220E62C2B8B5B003B362D /* WelcomeViewController.swift in Sources */,
				0D6220E22C2B8B5B003B362D /* AppDelegate.swift in Sources */,
				0D6220E42C2B8B5B003B362D /* SceneDelegate.swift in Sources */,
				0D7FDC702C2B9CCC00064C13 /* LoginViewController.swift in Sources */,
				0D9D1FEC2C2E38F4009D3BA7 /* Constants.swift in Sources */,
				0D9D1FEE2C2E3B8F009D3BA7 /* Message.swift in Sources */,
				0D7FDC722C2B9D0400064C13 /* ChatViewController.swift in Sources */,
				0D7FDC6E2C2B9C9000064C13 /* RegisterViewController.swift in Sources */,
				0D9D1FF12C2E412D009D3BA7 /* MessageCell.swift in Sources */,
			);
			runOnlyForDeploymentPostprocessing = 0;
		};
/* End PBXSourcesBuildPhase section */

/* Begin PBXVariantGroup section */
		0D6220E72C2B8B5B003B362D /* Main.storyboard */ = {
			isa = PBXVariantGroup;
			children = (
				0D6220E82C2B8B5B003B362D /* Base */,
			);
			name = Main.storyboard;
			sourceTree = "<group>";
		};
		0D6220EC2C2B8B5C003B362D /* LaunchScreen.storyboard */ = {
			isa = PBXVariantGroup;
			children = (
				0D6220ED2C2B8B5C003B362D /* Base */,
			);
			name = LaunchScreen.storyboard;
			sourceTree = "<group>";
		};
/* End PBXVariantGroup section */

/* Begin XCBuildConfiguration section */
		0D6220F02C2B8B5C003B362D /* Debug */ = {
			isa = XCBuildConfiguration;
			buildSettings = {
				ALWAYS_SEARCH_USER_PATHS = NO;
				ASSETCATALOG_COMPILER_GENERATE_SWIFT_ASSET_SYMBOL_EXTENSIONS = YES;
				CLANG_ANALYZER_NONNULL = YES;
				CLANG_ANALYZER_NUMBER_OBJECT_CONVERSION = YES_AGGRESSIVE;
				CLANG_CXX_LANGUAGE_STANDARD = "gnu++20";
				CLANG_ENABLE_MODULES = YES;
				CLANG_ENABLE_OBJC_ARC = YES;
				CLANG_ENABLE_OBJC_WEAK = YES;
				CLANG_WARN_BLOCK_CAPTURE_AUTORELEASING = YES;
				CLANG_WARN_BOOL_CONVERSION = YES;
				CLANG_WARN_COMMA = YES;
				CLANG_WARN_CONSTANT_CONVERSION = YES;
				CLANG_WARN_DEPRECATED_OBJC_IMPLEMENTATIONS = YES;
				CLANG_WARN_DIRECT_OBJC_ISA_USAGE = YES_ERROR;
				CLANG_WARN_DOCUMENTATION_COMMENTS = YES;
				CLANG_WARN_EMPTY_BODY = YES;
				CLANG_WARN_ENUM_CONVERSION = YES;
				CLANG_WARN_INFINITE_RECURSION = YES;
				CLANG_WARN_INT_CONVERSION = YES;
				CLANG_WARN_NON_LITERAL_NULL_CONVERSION = YES;
				CLANG_WARN_OBJC_IMPLICIT_RETAIN_SELF = YES;
				CLANG_WARN_OBJC_LITERAL_CONVERSION = YES;
				CLANG_WARN_OBJC_ROOT_CLASS = YES_ERROR;
				CLANG_WARN_QUOTED_INCLUDE_IN_FRAMEWORK_HEADER = YES;
				CLANG_WARN_RANGE_LOOP_ANALYSIS = YES;
				CLANG_WARN_STRICT_PROTOTYPES = YES;
				CLANG_WARN_SUSPICIOUS_MOVE = YES;
				CLANG_WARN_UNGUARDED_AVAILABILITY = YES_AGGRESSIVE;
				CLANG_WARN_UNREACHABLE_CODE = YES;
				CLANG_WARN__DUPLICATE_METHOD_MATCH = YES;
				COPY_PHASE_STRIP = NO;
				DEBUG_INFORMATION_FORMAT = dwarf;
				ENABLE_STRICT_OBJC_MSGSEND = YES;
				ENABLE_TESTABILITY = YES;
				ENABLE_USER_SCRIPT_SANDBOXING = NO;
				GCC_C_LANGUAGE_STANDARD = gnu17;
				GCC_DYNAMIC_NO_PIC = NO;
				GCC_NO_COMMON_BLOCKS = YES;
				GCC_OPTIMIZATION_LEVEL = 0;
				GCC_PREPROCESSOR_DEFINITIONS = (
					"DEBUG=1",
					"$(inherited)",
				);
				GCC_WARN_64_TO_32_BIT_CONVERSION = YES;
				GCC_WARN_ABOUT_RETURN_TYPE = YES_ERROR;
				GCC_WARN_UNDECLARED_SELECTOR = YES;
				GCC_WARN_UNINITIALIZED_AUTOS = YES_AGGRESSIVE;
				GCC_WARN_UNUSED_FUNCTION = YES;
				GCC_WARN_UNUSED_VARIABLE = YES;
				IPHONEOS_DEPLOYMENT_TARGET = 13.0;
				LOCALIZATION_PREFERS_STRING_CATALOGS = YES;
				MTL_ENABLE_DEBUG_INFO = INCLUDE_SOURCE;
				MTL_FAST_MATH = YES;
				ONLY_ACTIVE_ARCH = YES;
				SDKROOT = iphoneos;
				SWIFT_ACTIVE_COMPILATION_CONDITIONS = "DEBUG $(inherited)";
				SWIFT_OPTIMIZATION_LEVEL = "-Onone";
			};
			name = Debug;
		};
		0D6220F12C2B8B5C003B362D /* Release */ = {
			isa = XCBuildConfiguration;
			buildSettings = {
				ALWAYS_SEARCH_USER_PATHS = NO;
				ASSETCATALOG_COMPILER_GENERATE_SWIFT_ASSET_SYMBOL_EXTENSIONS = YES;
				CLANG_ANALYZER_NONNULL = YES;
				CLANG_ANALYZER_NUMBER_OBJECT_CONVERSION = YES_AGGRESSIVE;
				CLANG_CXX_LANGUAGE_STANDARD = "gnu++20";
				CLANG_ENABLE_MODULES = YES;
				CLANG_ENABLE_OBJC_ARC = YES;
				CLANG_ENABLE_OBJC_WEAK = YES;
				CLANG_WARN_BLOCK_CAPTURE_AUTORELEASING = YES;
				CLANG_WARN_BOOL_CONVERSION = YES;
				CLANG_WARN_COMMA = YES;
				CLANG_WARN_CONSTANT_CONVERSION = YES;
				CLANG_WARN_DEPRECATED_OBJC_IMPLEMENTATIONS = YES;
				CLANG_WARN_DIRECT_OBJC_ISA_USAGE = YES_ERROR;
				CLANG_WARN_DOCUMENTATION_COMMENTS = YES;
				CLANG_WARN_EMPTY_BODY = YES;
				CLANG_WARN_ENUM_CONVERSION = YES;
				CLANG_WARN_INFINITE_RECURSION = YES;
				CLANG_WARN_INT_CONVERSION = YES;
				CLANG_WARN_NON_LITERAL_NULL_CONVERSION = YES;
				CLANG_WARN_OBJC_IMPLICIT_RETAIN_SELF = YES;
				CLANG_WARN_OBJC_LITERAL_CONVERSION = YES;
				CLANG_WARN_OBJC_ROOT_CLASS = YES_ERROR;
				CLANG_WARN_QUOTED_INCLUDE_IN_FRAMEWORK_HEADER = YES;
				CLANG_WARN_RANGE_LOOP_ANALYSIS = YES;
				CLANG_WARN_STRICT_PROTOTYPES = YES;
				CLANG_WARN_SUSPICIOUS_MOVE = YES;
				CLANG_WARN_UNGUARDED_AVAILABILITY = YES_AGGRESSIVE;
				CLANG_WARN_UNREACHABLE_CODE = YES;
				CLANG_WARN__DUPLICATE_METHOD_MATCH = YES;
				COPY_PHASE_STRIP = NO;
				DEBUG_INFORMATION_FORMAT = "dwarf-with-dsym";
				ENABLE_NS_ASSERTIONS = NO;
				ENABLE_STRICT_OBJC_MSGSEND = YES;
				ENABLE_USER_SCRIPT_SANDBOXING = NO;
				GCC_C_LANGUAGE_STANDARD = gnu17;
				GCC_NO_COMMON_BLOCKS = YES;
				GCC_WARN_64_TO_32_BIT_CONVERSION = YES;
				GCC_WARN_ABOUT_RETURN_TYPE = YES_ERROR;
				GCC_WARN_UNDECLARED_SELECTOR = YES;
				GCC_WARN_UNINITIALIZED_AUTOS = YES_AGGRESSIVE;
				GCC_WARN_UNUSED_FUNCTION = YES;
				GCC_WARN_UNUSED_VARIABLE = YES;
				IPHONEOS_DEPLOYMENT_TARGET = 13.0;
				LOCALIZATION_PREFERS_STRING_CATALOGS = YES;
				MTL_ENABLE_DEBUG_INFO = NO;
				MTL_FAST_MATH = YES;
				SDKROOT = iphoneos;
				SWIFT_COMPILATION_MODE = wholemodule;
				VALIDATE_PRODUCT = YES;
			};
			name = Release;
		};
		0D6220F32C2B8B5C003B362D /* Debug */ = {
			isa = XCBuildConfiguration;
			baseConfigurationReference = FE9B5C7F48C42A0FC31E4605 /* Pods-ChatApp.debug.xcconfig */;
			buildSettings = {
				ASSETCATALOG_COMPILER_APPICON_NAME = AppIcon;
				ASSETCATALOG_COMPILER_GLOBAL_ACCENT_COLOR_NAME = AccentColor;
				CODE_SIGN_STYLE = Automatic;
				CURRENT_PROJECT_VERSION = 1;
				DEVELOPMENT_TEAM = 78U9V66SWD;
				GENERATE_INFOPLIST_FILE = YES;
				INFOPLIST_FILE = ChatApp/Info.plist;
				INFOPLIST_KEY_UIApplicationSupportsIndirectInputEvents = YES;
				INFOPLIST_KEY_UILaunchStoryboardName = LaunchScreen;
				INFOPLIST_KEY_UIMainStoryboardFile = Main;
				INFOPLIST_KEY_UISupportedInterfaceOrientations_iPad = "UIInterfaceOrientationPortrait UIInterfaceOrientationPortraitUpsideDown UIInterfaceOrientationLandscapeLeft UIInterfaceOrientationLandscapeRight";
				INFOPLIST_KEY_UISupportedInterfaceOrientations_iPhone = "UIInterfaceOrientationPortrait UIInterfaceOrientationLandscapeLeft UIInterfaceOrientationLandscapeRight";
				LD_RUNPATH_SEARCH_PATHS = (
					"$(inherited)",
					"@executable_path/Frameworks",
				);
				MARKETING_VERSION = 1.0;
				PRODUCT_BUNDLE_IDENTIFIER = com.nasoviva.ChatApp;
				PRODUCT_NAME = "$(TARGET_NAME)";
				SWIFT_EMIT_LOC_STRINGS = YES;
				SWIFT_VERSION = 5.0;
				TARGETED_DEVICE_FAMILY = "1,2";
			};
			name = Debug;
		};
		0D6220F42C2B8B5C003B362D /* Release */ = {
			isa = XCBuildConfiguration;
			baseConfigurationReference = 6B7EF6CB790F90D51D075A2B /* Pods-ChatApp.release.xcconfig */;
			buildSettings = {
				ASSETCATALOG_COMPILER_APPICON_NAME = AppIcon;
				ASSETCATALOG_COMPILER_GLOBAL_ACCENT_COLOR_NAME = AccentColor;
				CODE_SIGN_STYLE = Automatic;
				CURRENT_PROJECT_VERSION = 1;
				DEVELOPMENT_TEAM = 78U9V66SWD;
				GENERATE_INFOPLIST_FILE = YES;
				INFOPLIST_FILE = ChatApp/Info.plist;
				INFOPLIST_KEY_UIApplicationSupportsIndirectInputEvents = YES;
				INFOPLIST_KEY_UILaunchStoryboardName = LaunchScreen;
				INFOPLIST_KEY_UIMainStoryboardFile = Main;
				INFOPLIST_KEY_UISupportedInterfaceOrientations_iPad = "UIInterfaceOrientationPortrait UIInterfaceOrientationPortraitUpsideDown UIInterfaceOrientationLandscapeLeft UIInterfaceOrientationLandscapeRight";
				INFOPLIST_KEY_UISupportedInterfaceOrientations_iPhone = "UIInterfaceOrientationPortrait UIInterfaceOrientationLandscapeLeft UIInterfaceOrientationLandscapeRight";
				LD_RUNPATH_SEARCH_PATHS = (
					"$(inherited)",
					"@executable_path/Frameworks",
				);
				MARKETING_VERSION = 1.0;
				PRODUCT_BUNDLE_IDENTIFIER = com.nasoviva.ChatApp;
				PRODUCT_NAME = "$(TARGET_NAME)";
				SWIFT_EMIT_LOC_STRINGS = YES;
				SWIFT_VERSION = 5.0;
				TARGETED_DEVICE_FAMILY = "1,2";
			};
			name = Release;
		};
/* End XCBuildConfiguration section */

/* Begin XCConfigurationList section */
		0D6220D92C2B8B5B003B362D /* Build configuration list for PBXProject "ChatApp" */ = {
			isa = XCConfigurationList;
			buildConfigurations = (
				0D6220F02C2B8B5C003B362D /* Debug */,
				0D6220F12C2B8B5C003B362D /* Release */,
			);
			defaultConfigurationIsVisible = 0;
			defaultConfigurationName = Release;
		};
		0D6220F22C2B8B5C003B362D /* Build configuration list for PBXNativeTarget "ChatApp" */ = {
			isa = XCConfigurationList;
			buildConfigurations = (
				0D6220F32C2B8B5C003B362D /* Debug */,
				0D6220F42C2B8B5C003B362D /* Release */,
			);
			defaultConfigurationIsVisible = 0;
			defaultConfigurationName = Release;
		};
/* End XCConfigurationList section */
	};
	rootObject = 0D6220D62C2B8B5B003B362D /* Project object */;
}
